
Microsoft Visual Studio Solution File, Format Version 12.00
# Visual Studio Version 17
VisualStudioVersion = 17.1.32319.34
MinimumVisualStudioVersion = 10.0.40219.1
Project("{9A19103F-16F7-4668-BE54-9A1E7A4F7556}") = "ByteBank.Agencias", "ByteBank.Agencias\ByteBank.Agencias.csproj", "{6C0A9CC3-061D-46B2-BFEA-4A949A62E126}"
EndProject
Project("{9A19103F-16F7-4668-BE54-9A1E7A4F7556}") = "ByteBank.Agencias.DAL", "ByteBank.Agencias.DAL\ByteBank.Agencias.DAL.csproj", "{60C92D59-F940-45F4-912F-9C70C4663239}"
EndProject
Project("{FAE04EC0-301F-11D3-BF4B-00C04F79EFBC}") = "Test", "Test\Test.csproj", "{079866BF-E3B8-494F-BD2F-A2A041CD8F68}"
EndProject
Global
	GlobalSection(SolutionConfigurationPlatforms) = preSolution
		Debug|Any CPU = Debug|Any CPU
		Release|Any CPU = Release|Any CPU
	EndGlobalSection
	GlobalSection(ProjectConfigurationPlatforms) = postSolution
		{6C0A9CC3-061D-46B2-BFEA-4A949A62E126}.Debug|Any CPU.ActiveCfg = Debug|Any CPU
		{6C0A9CC3-061D-46B2-BFEA-4A949A62E126}.Debug|Any CPU.Build.0 = Debug|Any CPU
		{6C0A9CC3-061D-46B2-BFEA-4A949A62E126}.Release|Any CPU.ActiveCfg = Release|Any CPU
		{6C0A9CC3-061D-46B2-BFEA-4A949A62E126}.Release|Any CPU.Build.0 = Release|Any CPU
		{60C92D59-F940-45F4-912F-9C70C4663239}.Debug|Any CPU.ActiveCfg = Debug|Any CPU
		{60C92D59-F940-45F4-912F-9C70C4663239}.Debug|Any CPU.Build.0 = Debug|Any CPU
		{60C92D59-F940-45F4-912F-9C70C4663239}.Release|Any CPU.ActiveCfg = Release|Any CPU
		{60C92D59-F940-45F4-912F-9C70C4663239}.Release|Any CPU.Build.0 = Release|Any CPU
		{079866BF-E3B8-494F-BD2F-A2A041CD8F68}.Debug|Any CPU.ActiveCfg = Debug|Any CPU
		{079866BF-E3B8-494F-BD2F-A2A041CD8F68}.Debug|Any CPU.Build.0 = Debug|Any CPU
		{079866BF-E3B8-494F-BD2F-A2A041CD8F68}.Release|Any CPU.ActiveCfg = Release|Any CPU
		{079866BF-E3B8-494F-BD2F-A2A041CD8F68}.Release|Any CPU.Build.0 = Release|Any CPU
	EndGlobalSection
	GlobalSection(SolutionProperties) = preSolution
		HideSolutionNode = FALSE
	EndGlobalSection
	GlobalSection(ExtensibilityGlobals) = postSolution
		SolutionGuid = {B912067A-65E4-4B2F-9247-2F4E2A5AC0CD}
	EndGlobalSection
EndGlobal
